// !$*UTF8*$!
{
	archiveVersion = 1;
	classes = {
	};
	objectVersion = 46;
	objects = {

/* Begin PBXBuildFile section */
		4DD4BD33157A9C69006BD56D /* TCHatViewController.m in Sources */ = {isa = PBXBuildFile; fileRef = 4DD4BD31157A9C69006BD56D /* TCHatViewController.m */; };
		4DD4BD34157A9C69006BD56D /* TCHatViewController.xib in Resources */ = {isa = PBXBuildFile; fileRef = 4DD4BD32157A9C69006BD56D /* TCHatViewController.xib */; };
		4DD4BD37157A9F35006BD56D /* bg.jpg in Resources */ = {isa = PBXBuildFile; fileRef = 4DD4BD36157A9F35006BD56D /* bg.jpg */; };
		4DD4BD3A157B5C7E006BD56D /* TCHatListView.m in Sources */ = {isa = PBXBuildFile; fileRef = 4DD4BD39157B5C7E006BD56D /* TCHatListView.m */; };
		4DD4BD3D157B5C91006BD56D /* TCHatListDetailView.m in Sources */ = {isa = PBXBuildFile; fileRef = 4DD4BD3C157B5C91006BD56D /* TCHatListDetailView.m */; };
		9C543EA84B6EE5C9D40D6896 /* UIKit.framework in Frameworks */ = {isa = PBXBuildFile; fileRef = 9C543EA84B6EE5C9D40D6895 /* UIKit.framework */; };
		9C543EA84B6EE5C9D40D6898 /* Foundation.framework in Frameworks */ = {isa = PBXBuildFile; fileRef = 9C543EA84B6EE5C9D40D6897 /* Foundation.framework */; };
		9C543EA84B6EE5C9D40D689A /* CoreGraphics.framework in Frameworks */ = {isa = PBXBuildFile; fileRef = 9C543EA84B6EE5C9D40D6899 /* CoreGraphics.framework */; };
		9C543EA84B6EE5C9D40D68A0 /* InfoPlist.strings in Resources */ = {isa = PBXBuildFile; fileRef = 9C543EA84B6EE5C9D40D689F /* InfoPlist.strings */; };
		9C543EA84B6EE5C9D40D68A2 /* main.m in Sources */ = {isa = PBXBuildFile; fileRef = 9C543EA84B6EE5C9D40D68A1 /* main.m */; };
		9C543EA84B6EE5C9D40D68A6 /* TCAppDelegate.m in Sources */ = {isa = PBXBuildFile; fileRef = 9C543EA84B6EE5C9D40D68A5 /* TCAppDelegate.m */; };
		9C543EA84B6EE5C9D40D68B1 /* SenTestingKit.framework in Frameworks */ = {isa = PBXBuildFile; fileRef = 9C543EA84B6EE5C9D40D68B0 /* SenTestingKit.framework */; };
		9C543EA84B6EE5C9D40D68B2 /* UIKit.framework in Frameworks */ = {isa = PBXBuildFile; fileRef = 9C543EA84B6EE5C9D40D6895 /* UIKit.framework */; };
		9C543EA84B6EE5C9D40D68B3 /* Foundation.framework in Frameworks */ = {isa = PBXBuildFile; fileRef = 9C543EA84B6EE5C9D40D6897 /* Foundation.framework */; };
		9C543EA84B6EE5C9D40D68BB /* InfoPlist.strings in Resources */ = {isa = PBXBuildFile; fileRef = 9C543EA84B6EE5C9D40D68BA /* InfoPlist.strings */; };
		9C543EA84B6EE5C9D40D68BE /* MajorTestTests.m in Sources */ = {isa = PBXBuildFile; fileRef = 9C543EA84B6EE5C9D40D68BD /* MajorTestTests.m */; };
		9C543EA84B6EE5C9D40D68C0 /* TCHatRandomList.m in Sources */ = {isa = PBXBuildFile; fileRef = 9C543EA84B6EE5C9D40D68BF /* TCHatRandomList.m */; };
		9C543EA84B6EE5C9D40D68C1 /* TCHatRandomList.m in Sources */ = {isa = PBXBuildFile; fileRef = 9C543EA84B6EE5C9D40D68BF /* TCHatRandomList.m */; };
		9C543EA84B6EE5C9D40D68C4 /* TCHatItem.m in Sources */ = {isa = PBXBuildFile; fileRef = 9C543EA84B6EE5C9D40D68C3 /* TCHatItem.m */; };
		9C543EA84B6EE5C9D40D68C5 /* TCHatItem.m in Sources */ = {isa = PBXBuildFile; fileRef = 9C543EA84B6EE5C9D40D68C3 /* TCHatItem.m */; };
		9C543EA84B6EE5C9D40D68C8 /* TCHat.m in Sources */ = {isa = PBXBuildFile; fileRef = 9C543EA84B6EE5C9D40D68C7 /* TCHat.m */; };
		9C543EA84B6EE5C9D40D68D3 /* magician_hat.png in Resources */ = {isa = PBXBuildFile; fileRef = 9C543EA84B6EE5C9D40D68D2 /* magician_hat.png */; };
		9C543EA84B6EE5C9D40D68D5 /* fez.png in Resources */ = {isa = PBXBuildFile; fileRef = 9C543EA84B6EE5C9D40D68D4 /* fez.png */; };
		9C543EA84B6EE5C9D40D68D7 /* trilby.jpeg in Resources */ = {isa = PBXBuildFile; fileRef = 9C543EA84B6EE5C9D40D68D6 /* trilby.jpeg */; };
/* End PBXBuildFile section */

/* Begin PBXContainerItemProxy section */
		9C543EA84B6EE5C9D40D68B4 /* PBXContainerItemProxy */ = {
			isa = PBXContainerItemProxy;
			containerPortal = 9C543EA84B6EE5C9D40D6886 /* Project object */;
			proxyType = 1;
			remoteGlobalIDString = 9C543EA84B6EE5C9D40D688D;
			remoteInfo = MajorTest;
		};
/* End PBXContainerItemProxy section */

/* Begin PBXFileReference section */
		4DD4BD30157A9C69006BD56D /* TCHatViewController.h */ = {isa = PBXFileReference; fileEncoding = 4; lastKnownFileType = sourcecode.c.h; path = TCHatViewController.h; sourceTree = "<group>"; };
		4DD4BD31157A9C69006BD56D /* TCHatViewController.m */ = {isa = PBXFileReference; fileEncoding = 4; lastKnownFileType = sourcecode.c.objc; path = TCHatViewController.m; sourceTree = "<group>"; };
		4DD4BD32157A9C69006BD56D /* TCHatViewController.xib */ = {isa = PBXFileReference; fileEncoding = 4; lastKnownFileType = file.xib; path = TCHatViewController.xib; sourceTree = "<group>"; };
		4DD4BD36157A9F35006BD56D /* bg.jpg */ = {isa = PBXFileReference; lastKnownFileType = image.jpeg; path = bg.jpg; sourceTree = "<group>"; };
		4DD4BD38157B5C7E006BD56D /* TCHatListView.h */ = {isa = PBXFileReference; fileEncoding = 4; lastKnownFileType = sourcecode.c.h; path = TCHatListView.h; sourceTree = "<group>"; };
		4DD4BD39157B5C7E006BD56D /* TCHatListView.m */ = {isa = PBXFileReference; fileEncoding = 4; lastKnownFileType = sourcecode.c.objc; path = TCHatListView.m; sourceTree = "<group>"; };
		4DD4BD3B157B5C91006BD56D /* TCHatListDetailView.h */ = {isa = PBXFileReference; fileEncoding = 4; lastKnownFileType = sourcecode.c.h; path = TCHatListDetailView.h; sourceTree = "<group>"; };
		4DD4BD3C157B5C91006BD56D /* TCHatListDetailView.m */ = {isa = PBXFileReference; fileEncoding = 4; lastKnownFileType = sourcecode.c.objc; path = TCHatListDetailView.m; sourceTree = "<group>"; };
		9C543EA84B6EE5C9D40D688C /* MajorTest.app */ = {isa = PBXFileReference; explicitFileType = wrapper.application; includeInIndex = 0; path = MajorTest.app; sourceTree = BUILT_PRODUCTS_DIR; };
		9C543EA84B6EE5C9D40D6895 /* UIKit.framework */ = {isa = PBXFileReference; lastKnownFileType = wrapper.framework; name = UIKit.framework; path = System/Library/Frameworks/UIKit.framework; sourceTree = SDKROOT; };
		9C543EA84B6EE5C9D40D6897 /* Foundation.framework */ = {isa = PBXFileReference; lastKnownFileType = wrapper.framework; name = Foundation.framework; path = System/Library/Frameworks/Foundation.framework; sourceTree = SDKROOT; };
		9C543EA84B6EE5C9D40D6899 /* CoreGraphics.framework */ = {isa = PBXFileReference; lastKnownFileType = wrapper.framework; name = CoreGraphics.framework; path = System/Library/Frameworks/CoreGraphics.framework; sourceTree = SDKROOT; };
		9C543EA84B6EE5C9D40D689D /* MajorTest-Info.plist */ = {isa = PBXFileReference; lastKnownFileType = text.plist.info; path = "MajorTest-Info.plist"; sourceTree = "<group>"; };
		9C543EA84B6EE5C9D40D689E /* en */ = {isa = PBXFileReference; lastKnownFileType = text.plist.strings; name = en; path = en.lproj/InfoPlist.strings; sourceTree = "<group>"; };
		9C543EA84B6EE5C9D40D68A1 /* main.m */ = {isa = PBXFileReference; lastKnownFileType = sourcecode.c.objc; path = main.m; sourceTree = "<group>"; };
		9C543EA84B6EE5C9D40D68A3 /* MajorTest-Prefix.pch */ = {isa = PBXFileReference; lastKnownFileType = sourcecode.c.h; path = "MajorTest-Prefix.pch"; sourceTree = "<group>"; };
		9C543EA84B6EE5C9D40D68A4 /* TCAppDelegate.h */ = {isa = PBXFileReference; lastKnownFileType = sourcecode.c.h; path = TCAppDelegate.h; sourceTree = "<group>"; };
		9C543EA84B6EE5C9D40D68A5 /* TCAppDelegate.m */ = {isa = PBXFileReference; lastKnownFileType = sourcecode.c.objc; path = TCAppDelegate.m; sourceTree = "<group>"; };
		9C543EA84B6EE5C9D40D68A7 /* MajorTestTests.octest */ = {isa = PBXFileReference; explicitFileType = wrapper.cfbundle; includeInIndex = 0; path = MajorTestTests.octest; sourceTree = BUILT_PRODUCTS_DIR; };
		9C543EA84B6EE5C9D40D68B0 /* SenTestingKit.framework */ = {isa = PBXFileReference; lastKnownFileType = wrapper.framework; name = SenTestingKit.framework; path = Library/Frameworks/SenTestingKit.framework; sourceTree = DEVELOPER_DIR; };
		9C543EA84B6EE5C9D40D68B8 /* MajorTestTests-Info.plist */ = {isa = PBXFileReference; lastKnownFileType = text.plist.info; path = "MajorTestTests-Info.plist"; sourceTree = "<group>"; };
		9C543EA84B6EE5C9D40D68B9 /* en */ = {isa = PBXFileReference; lastKnownFileType = text.plist.strings; name = en; path = en.lproj/InfoPlist.strings; sourceTree = "<group>"; };
		9C543EA84B6EE5C9D40D68BC /* MajorTestTests.h */ = {isa = PBXFileReference; lastKnownFileType = sourcecode.c.h; path = MajorTestTests.h; sourceTree = "<group>"; };
		9C543EA84B6EE5C9D40D68BD /* MajorTestTests.m */ = {isa = PBXFileReference; lastKnownFileType = sourcecode.c.objc; path = MajorTestTests.m; sourceTree = "<group>"; };
		9C543EA84B6EE5C9D40D68BF /* TCHatRandomList.m */ = {isa = PBXFileReference; fileEncoding = 4; lastKnownFileType = sourcecode.c.objc; path = TCHatRandomList.m; sourceTree = "<group>"; };
		9C543EA84B6EE5C9D40D68C2 /* TCHatRandomList.h */ = {isa = PBXFileReference; fileEncoding = 4; lastKnownFileType = sourcecode.c.h; path = TCHatRandomList.h; sourceTree = "<group>"; };
		9C543EA84B6EE5C9D40D68C3 /* TCHatItem.m */ = {isa = PBXFileReference; fileEncoding = 4; lastKnownFileType = sourcecode.c.objc; path = TCHatItem.m; sourceTree = "<group>"; };
		9C543EA84B6EE5C9D40D68C6 /* TCHatItem.h */ = {isa = PBXFileReference; fileEncoding = 4; lastKnownFileType = sourcecode.c.h; path = TCHatItem.h; sourceTree = "<group>"; };
		9C543EA84B6EE5C9D40D68C7 /* TCHat.m */ = {isa = PBXFileReference; fileEncoding = 4; lastKnownFileType = sourcecode.c.objc; path = TCHat.m; sourceTree = "<group>"; };
		9C543EA84B6EE5C9D40D68C9 /* TCHat.h */ = {isa = PBXFileReference; fileEncoding = 4; lastKnownFileType = sourcecode.c.h; path = TCHat.h; sourceTree = "<group>"; };
		9C543EA84B6EE5C9D40D68D2 /* magician_hat.png */ = {isa = PBXFileReference; lastKnownFileType = image.png; name = magician_hat.png; path = ../../Mockups/images/magician_hat.png; sourceTree = "<group>"; };
		9C543EA84B6EE5C9D40D68D4 /* fez.png */ = {isa = PBXFileReference; lastKnownFileType = image.png; name = fez.png; path = ../../Mockups/images/fez.png; sourceTree = "<group>"; };
		9C543EA84B6EE5C9D40D68D6 /* trilby.jpeg */ = {isa = PBXFileReference; lastKnownFileType = image.jpeg; name = trilby.jpeg; path = ../../Mockups/images/trilby.jpeg; sourceTree = "<group>"; };
/* End PBXFileReference section */

/* Begin PBXFrameworksBuildPhase section */
		9C543EA84B6EE5C9D40D6892 /* Frameworks */ = {
			isa = PBXFrameworksBuildPhase;
			buildActionMask = 2147483647;
			files = (
				9C543EA84B6EE5C9D40D6896 /* UIKit.framework in Frameworks */,
				9C543EA84B6EE5C9D40D6898 /* Foundation.framework in Frameworks */,
				9C543EA84B6EE5C9D40D689A /* CoreGraphics.framework in Frameworks */,
			);
			runOnlyForDeploymentPostprocessing = 0;
		};
		9C543EA84B6EE5C9D40D68AD /* Frameworks */ = {
			isa = PBXFrameworksBuildPhase;
			buildActionMask = 2147483647;
			files = (
				9C543EA84B6EE5C9D40D68B1 /* SenTestingKit.framework in Frameworks */,
				9C543EA84B6EE5C9D40D68B2 /* UIKit.framework in Frameworks */,
				9C543EA84B6EE5C9D40D68B3 /* Foundation.framework in Frameworks */,
			);
			runOnlyForDeploymentPostprocessing = 0;
		};
/* End PBXFrameworksBuildPhase section */

/* Begin PBXGroup section */
		4DD4BD35157A9C7B006BD56D /* ViewControllers */ = {
			isa = PBXGroup;
			children = (
				4DD4BD30157A9C69006BD56D /* TCHatViewController.h */,
				4DD4BD31157A9C69006BD56D /* TCHatViewController.m */,
				4DD4BD32157A9C69006BD56D /* TCHatViewController.xib */,
				4DD4BD38157B5C7E006BD56D /* TCHatListView.h */,
				4DD4BD39157B5C7E006BD56D /* TCHatListView.m */,
				4DD4BD3B157B5C91006BD56D /* TCHatListDetailView.h */,
				4DD4BD3C157B5C91006BD56D /* TCHatListDetailView.m */,
			);
			name = ViewControllers;
			sourceTree = "<group>";
		};
		9C543EA84B6EE5C9D40D6888 = {
			isa = PBXGroup;
			children = (
				9C543EA84B6EE5C9D40D6889 /* Products */,
				9C543EA84B6EE5C9D40D6894 /* Frameworks */,
				9C543EA84B6EE5C9D40D689B /* MajorTest */,
				9C543EA84B6EE5C9D40D68B6 /* MajorTestTests */,
			);
			sourceTree = "<group>";
		};
		9C543EA84B6EE5C9D40D6889 /* Products */ = {
			isa = PBXGroup;
			children = (
				9C543EA84B6EE5C9D40D688C /* MajorTest.app */,
				9C543EA84B6EE5C9D40D68A7 /* MajorTestTests.octest */,
			);
			name = Products;
			sourceTree = "<group>";
		};
		9C543EA84B6EE5C9D40D6894 /* Frameworks */ = {
			isa = PBXGroup;
			children = (
				9C543EA84B6EE5C9D40D68B0 /* SenTestingKit.framework */,
				9C543EA84B6EE5C9D40D6899 /* CoreGraphics.framework */,
				9C543EA84B6EE5C9D40D6897 /* Foundation.framework */,
				9C543EA84B6EE5C9D40D6895 /* UIKit.framework */,
			);
			name = Frameworks;
			sourceTree = "<group>";
		};
		9C543EA84B6EE5C9D40D689B /* MajorTest */ = {
			isa = PBXGroup;
			children = (
				9C543EA84B6EE5C9D40D68A4 /* TCAppDelegate.h */,
				9C543EA84B6EE5C9D40D68A5 /* TCAppDelegate.m */,
				9C543EA84B6EE5C9D40D68CA /* Model */,
				4DD4BD35157A9C7B006BD56D /* ViewControllers */,
				9C543EA84B6EE5C9D40D68D1 /* Images */,
				9C543EA84B6EE5C9D40D689C /* Supporting Files */,
			);
			path = MajorTest;
			sourceTree = "<group>";
		};
		9C543EA84B6EE5C9D40D689C /* Supporting Files */ = {
			isa = PBXGroup;
			children = (
				9C543EA84B6EE5C9D40D68A3 /* MajorTest-Prefix.pch */,
				9C543EA84B6EE5C9D40D68A1 /* main.m */,
				9C543EA84B6EE5C9D40D689F /* InfoPlist.strings */,
				9C543EA84B6EE5C9D40D689D /* MajorTest-Info.plist */,
			);
			name = "Supporting Files";
			sourceTree = "<group>";
		};
		9C543EA84B6EE5C9D40D68B6 /* MajorTestTests */ = {
			isa = PBXGroup;
			children = (
				9C543EA84B6EE5C9D40D68BD /* MajorTestTests.m */,
				9C543EA84B6EE5C9D40D68BC /* MajorTestTests.h */,
				9C543EA84B6EE5C9D40D68B7 /* Supporting Files */,
			);
			path = MajorTestTests;
			sourceTree = "<group>";
		};
		9C543EA84B6EE5C9D40D68B7 /* Supporting Files */ = {
			isa = PBXGroup;
			children = (
				9C543EA84B6EE5C9D40D68BA /* InfoPlist.strings */,
				9C543EA84B6EE5C9D40D68B8 /* MajorTestTests-Info.plist */,
			);
			name = "Supporting Files";
			sourceTree = "<group>";
		};
		9C543EA84B6EE5C9D40D68CA /* Model */ = {
			isa = PBXGroup;
			children = (
				9C543EA84B6EE5C9D40D68C9 /* TCHat.h */,
				9C543EA84B6EE5C9D40D68C7 /* TCHat.m */,
				9C543EA84B6EE5C9D40D68C2 /* TCHatRandomList.h */,
				9C543EA84B6EE5C9D40D68BF /* TCHatRandomList.m */,
				9C543EA84B6EE5C9D40D68C6 /* TCHatItem.h */,
				9C543EA84B6EE5C9D40D68C3 /* TCHatItem.m */,
			);
			path = Model;
			sourceTree = "<group>";
		};
		9C543EA84B6EE5C9D40D68D1 /* Images */ = {
			isa = PBXGroup;
			children = (
				4DD4BD36157A9F35006BD56D /* bg.jpg */,
				9C543EA84B6EE5C9D40D68D6 /* trilby.jpeg */,
				9C543EA84B6EE5C9D40D68D4 /* fez.png */,
				9C543EA84B6EE5C9D40D68D2 /* magician_hat.png */,
			);
			path = Images;
			sourceTree = "<group>";
		};
/* End PBXGroup section */

/* Begin PBXNativeTarget section */
		9C543EA84B6EE5C9D40D688D /* MajorTest */ = {
			isa = PBXNativeTarget;
			buildConfigurationList = 9C543EA84B6EE5C9D40D688E /* Build configuration list for PBXNativeTarget "MajorTest" */;
			buildPhases = (
				9C543EA84B6EE5C9D40D6891 /* Sources */,
				9C543EA84B6EE5C9D40D6892 /* Frameworks */,
				9C543EA84B6EE5C9D40D6893 /* Resources */,
			);
			buildRules = (
			);
			dependencies = (
			);
			name = MajorTest;
			productName = MajorTest;
			productReference = 9C543EA84B6EE5C9D40D688C /* MajorTest.app */;
			productType = "com.apple.product-type.application";
		};
		9C543EA84B6EE5C9D40D68A8 /* MajorTestTests */ = {
			isa = PBXNativeTarget;
			buildConfigurationList = 9C543EA84B6EE5C9D40D68A9 /* Build configuration list for PBXNativeTarget "MajorTestTests" */;
			buildPhases = (
				9C543EA84B6EE5C9D40D68AC /* Sources */,
				9C543EA84B6EE5C9D40D68AD /* Frameworks */,
				9C543EA84B6EE5C9D40D68AE /* Resources */,
				9C543EA84B6EE5C9D40D68AF /* ShellScript */,
			);
			buildRules = (
			);
			dependencies = (
				9C543EA84B6EE5C9D40D68B5 /* PBXTargetDependency */,
			);
			name = MajorTestTests;
			productName = MajorTestTests;
			productReference = 9C543EA84B6EE5C9D40D68A7 /* MajorTestTests.octest */;
			productType = "com.apple.product-type.bundle";
		};
/* End PBXNativeTarget section */

/* Begin PBXProject section */
		9C543EA84B6EE5C9D40D6886 /* Project object */ = {
			isa = PBXProject;
			buildConfigurationList = 9C543EA84B6EE5C9D40D6887 /* Build configuration list for PBXProject "MajorTest" */;
			compatibilityVersion = "Xcode 3.2";
			developmentRegion = English;
			hasScannedForEncodings = 0;
			knownRegions = (
				en,
			);
			mainGroup = 9C543EA84B6EE5C9D40D6888;
			productRefGroup = 9C543EA84B6EE5C9D40D6889 /* Products */;
			projectDirPath = "";
			projectRoot = "";
			targets = (
				9C543EA84B6EE5C9D40D688D /* MajorTest */,
				9C543EA84B6EE5C9D40D68A8 /* MajorTestTests */,
			);
		};
/* End PBXProject section */

/* Begin PBXResourcesBuildPhase section */
		9C543EA84B6EE5C9D40D6893 /* Resources */ = {
			isa = PBXResourcesBuildPhase;
			buildActionMask = 2147483647;
			files = (
				9C543EA84B6EE5C9D40D68A0 /* InfoPlist.strings in Resources */,
				9C543EA84B6EE5C9D40D68D3 /* magician_hat.png in Resources */,
				9C543EA84B6EE5C9D40D68D5 /* fez.png in Resources */,
				9C543EA84B6EE5C9D40D68D7 /* trilby.jpeg in Resources */,
				4DD4BD34157A9C69006BD56D /* TCHatViewController.xib in Resources */,
				4DD4BD37157A9F35006BD56D /* bg.jpg in Resources */,
			);
			runOnlyForDeploymentPostprocessing = 0;
		};
		9C543EA84B6EE5C9D40D68AE /* Resources */ = {
			isa = PBXResourcesBuildPhase;
			buildActionMask = 2147483647;
			files = (
				9C543EA84B6EE5C9D40D68BB /* InfoPlist.strings in Resources */,
			);
			runOnlyForDeploymentPostprocessing = 0;
		};
/* End PBXResourcesBuildPhase section */

/* Begin PBXShellScriptBuildPhase section */
		9C543EA84B6EE5C9D40D68AF /* ShellScript */ = {
			isa = PBXShellScriptBuildPhase;
			buildActionMask = 2147483647;
			files = (
			);
			inputPaths = (
			);
			outputPaths = (
			);
			runOnlyForDeploymentPostprocessing = 0;
			shellPath = /bin/sh;
			shellScript = "# Run the unit tests in this test bundle.\n\"${SYSTEM_DEVELOPER_DIR}/Tools/RunUnitTests\"\n";
		};
/* End PBXShellScriptBuildPhase section */

/* Begin PBXSourcesBuildPhase section */
		9C543EA84B6EE5C9D40D6891 /* Sources */ = {
			isa = PBXSourcesBuildPhase;
			buildActionMask = 2147483647;
			files = (
				9C543EA84B6EE5C9D40D68A2 /* main.m in Sources */,
				9C543EA84B6EE5C9D40D68A6 /* TCAppDelegate.m in Sources */,
				9C543EA84B6EE5C9D40D68C0 /* TCHatRandomList.m in Sources */,
				9C543EA84B6EE5C9D40D68C4 /* TCHatItem.m in Sources */,
				9C543EA84B6EE5C9D40D68C8 /* TCHat.m in Sources */,
				4DD4BD33157A9C69006BD56D /* TCHatViewController.m in Sources */,
				4DD4BD3A157B5C7E006BD56D /* TCHatListView.m in Sources */,
				4DD4BD3D157B5C91006BD56D /* TCHatListDetailView.m in Sources */,
			);
			runOnlyForDeploymentPostprocessing = 0;
		};
		9C543EA84B6EE5C9D40D68AC /* Sources */ = {
			isa = PBXSourcesBuildPhase;
			buildActionMask = 2147483647;
			files = (
				9C543EA84B6EE5C9D40D68BE /* MajorTestTests.m in Sources */,
				9C543EA84B6EE5C9D40D68C1 /* TCHatRandomList.m in Sources */,
				9C543EA84B6EE5C9D40D68C5 /* TCHatItem.m in Sources */,
			);
			runOnlyForDeploymentPostprocessing = 0;
		};
/* End PBXSourcesBuildPhase section */

/* Begin PBXTargetDependency section */
		9C543EA84B6EE5C9D40D68B5 /* PBXTargetDependency */ = {
			isa = PBXTargetDependency;
			target = 9C543EA84B6EE5C9D40D688D /* MajorTest */;
			targetProxy = 9C543EA84B6EE5C9D40D68B4 /* PBXContainerItemProxy */;
		};
/* End PBXTargetDependency section */

/* Begin PBXVariantGroup section */
		9C543EA84B6EE5C9D40D689F /* InfoPlist.strings */ = {
			isa = PBXVariantGroup;
			children = (
				9C543EA84B6EE5C9D40D689E /* en */,
			);
			name = InfoPlist.strings;
			sourceTree = "<group>";
		};
		9C543EA84B6EE5C9D40D68BA /* InfoPlist.strings */ = {
			isa = PBXVariantGroup;
			children = (
				9C543EA84B6EE5C9D40D68B9 /* en */,
			);
			name = InfoPlist.strings;
			sourceTree = "<group>";
		};
/* End PBXVariantGroup section */

/* Begin XCBuildConfiguration section */
		9C543EA84B6EE5C9D40D688A /* Release */ = {
			isa = XCBuildConfiguration;
			buildSettings = {
				ALWAYS_SEARCH_USER_PATHS = NO;
				ARCHS = "$(ARCHS_STANDARD_32_BIT)";
				CLANG_ENABLE_OBJC_ARC = YES;
				"CODE_SIGN_IDENTITY[sdk=iphoneos*]" = "iPhone Developer";
				COPY_PHASE_STRIP = YES;
				GCC_C_LANGUAGE_STANDARD = gnu99;
				GCC_VERSION = com.apple.compilers.llvm.clang.1_0;
				GCC_WARN_ABOUT_RETURN_TYPE = YES;
				GCC_WARN_UNINITIALIZED_AUTOS = YES;
				GCC_WARN_UNUSED_VARIABLE = YES;
				IPHONEOS_DEPLOYMENT_TARGET = 5.1;
				OTHER_CFLAGS = "-DNS_BLOCK_ASSERTIONS=1";
				SDKROOT = iphoneos;
				TARGETED_DEVICE_FAMILY = "1,2";
				VALIDATE_PRODUCT = YES;
			};
			name = Release;
		};
		9C543EA84B6EE5C9D40D688B /* Debug */ = {
			isa = XCBuildConfiguration;
			buildSettings = {
				ALWAYS_SEARCH_USER_PATHS = NO;
				ARCHS = "$(ARCHS_STANDARD_32_BIT)";
				CLANG_ENABLE_OBJC_ARC = YES;
				"CODE_SIGN_IDENTITY[sdk=iphoneos*]" = "iPhone Developer";
				COPY_PHASE_STRIP = NO;
				GCC_C_LANGUAGE_STANDARD = gnu99;
				GCC_DYNAMIC_NO_PIC = NO;
				GCC_OPTIMIZATION_LEVEL = 0;
				GCC_PREPROCESSOR_DEFINITIONS = (
					"DEBUG=1",
					"$(inherited)",
				);
				GCC_SYMBOLS_PRIVATE_EXTERN = NO;
				GCC_VERSION = com.apple.compilers.llvm.clang.1_0;
				GCC_WARN_ABOUT_RETURN_TYPE = YES;
				GCC_WARN_UNINITIALIZED_AUTOS = YES;
				GCC_WARN_UNUSED_VARIABLE = YES;
				IPHONEOS_DEPLOYMENT_TARGET = 5.1;
				SDKROOT = iphoneos;
				TARGETED_DEVICE_FAMILY = "1,2";
			};
			name = Debug;
		};
		9C543EA84B6EE5C9D40D688F /* Release */ = {
			isa = XCBuildConfiguration;
			buildSettings = {
				GCC_PRECOMPILE_PREFIX_HEADER = YES;
				GCC_PREFIX_HEADER = "MajorTest/MajorTest-Prefix.pch";
				INFOPLIST_FILE = "MajorTest/MajorTest-Info.plist";
				PRODUCT_NAME = "$(TARGET_NAME)";
				WRAPPER_EXTENSION = app;
			};
			name = Release;
		};
		9C543EA84B6EE5C9D40D6890 /* Debug */ = {
			isa = XCBuildConfiguration;
			buildSettings = {
				GCC_PRECOMPILE_PREFIX_HEADER = YES;
				GCC_PREFIX_HEADER = "MajorTest/MajorTest-Prefix.pch";
				INFOPLIST_FILE = "MajorTest/MajorTest-Info.plist";
				PRODUCT_NAME = "$(TARGET_NAME)";
				WRAPPER_EXTENSION = app;
			};
			name = Debug;
		};
		9C543EA84B6EE5C9D40D68AA /* Release */ = {
			isa = XCBuildConfiguration;
			buildSettings = {
				BUNDLE_LOADER = "$(BUILT_PRODUCTS_DIR)/MajorTest.app/MajorTest";
				FRAMEWORK_SEARCH_PATHS = (
					"$(SDKROOT)/Developer/Library/Frameworks",
					"$(DEVELOPER_LIBRARY_DIR)/Frameworks",
				);
				GCC_PRECOMPILE_PREFIX_HEADER = YES;
				GCC_PREFIX_HEADER = "MajorTest/MajorTest-Prefix.pch";
				INFOPLIST_FILE = "MajorTestTests/MajorTestTests-Info.plist";
				PRODUCT_NAME = "$(TARGET_NAME)";
				TEST_HOST = "$(BUNDLE_LOADER)";
				WRAPPER_EXTENSION = octest;
			};
			name = Release;
		};
		9C543EA84B6EE5C9D40D68AB /* Debug */ = {
			isa = XCBuildConfiguration;
			buildSettings = {
				BUNDLE_LOADER = "$(BUILT_PRODUCTS_DIR)/MajorTest.app/MajorTest";
				FRAMEWORK_SEARCH_PATHS = (
					"$(SDKROOT)/Developer/Library/Frameworks",
					"$(DEVELOPER_LIBRARY_DIR)/Frameworks",
				);
				GCC_PRECOMPILE_PREFIX_HEADER = YES;
				GCC_PREFIX_HEADER = "MajorTest/MajorTest-Prefix.pch";
				INFOPLIST_FILE = "MajorTestTests/MajorTestTests-Info.plist";
				PRODUCT_NAME = "$(TARGET_NAME)";
				TEST_HOST = "$(BUNDLE_LOADER)";
				WRAPPER_EXTENSION = octest;
			};
			name = Debug;
		};
/* End XCBuildConfiguration section */

/* Begin XCConfigurationList section */
		9C543EA84B6EE5C9D40D6887 /* Build configuration list for PBXProject "MajorTest" */ = {
			isa = XCConfigurationList;
			buildConfigurations = (
				9C543EA84B6EE5C9D40D688A /* Release */,
				9C543EA84B6EE5C9D40D688B /* Debug */,
			);
			defaultConfigurationIsVisible = 0;
			defaultConfigurationName = Release;
		};
		9C543EA84B6EE5C9D40D688E /* Build configuration list for PBXNativeTarget "MajorTest" */ = {
			isa = XCConfigurationList;
			buildConfigurations = (
				9C543EA84B6EE5C9D40D688F /* Release */,
				9C543EA84B6EE5C9D40D6890 /* Debug */,
			);
			defaultConfigurationIsVisible = 0;
			defaultConfigurationName = Release;
		};
		9C543EA84B6EE5C9D40D68A9 /* Build configuration list for PBXNativeTarget "MajorTestTests" */ = {
			isa = XCConfigurationList;
			buildConfigurations = (
				9C543EA84B6EE5C9D40D68AA /* Release */,
				9C543EA84B6EE5C9D40D68AB /* Debug */,
			);
			defaultConfigurationIsVisible = 0;
			defaultConfigurationName = Release;
		};
/* End XCConfigurationList section */
	};
	rootObject = 9C543EA84B6EE5C9D40D6886 /* Project object */;
}
